{
  "originHash" : "409637f15ff92f999c2f267a3dcb41b54845f716e04c8c7e3f428176c1a6b646",
  "pins" : [
    {
      "identity" : "swift-argument-parser",
      "kind" : "remoteSourceControl",
      "location" : "https://github.com/apple/swift-argument-parser.git",
      "state" : {
        "revision" : "41982a3656a71c768319979febd796c6fd111d5c",
        "version" : "1.5.0"
      }
    },
    {
      "identity" : "swifttui",
      "kind" : "remoteSourceControl",
      "location" : "https://github.com/rensbreur/SwiftTUI.git",
      "state" : {
        "branch" : "main",
        "revision" : "537133031bc2b2731048d00748c69700e1b48185"
      }
    }
  ],
  "version" : 3
}
